
Microsoft Visual Studio Solution File, Format Version 12.00
# Visual Studio Version 17
VisualStudioVersion = 17.13.35913.81 d17.13
MinimumVisualStudioVersion = 10.0.40219.1
Project("{FAE04EC0-301F-11D3-BF4B-00C04F79EFBC}") = "Delegates_EX2", "Delegates_EX2\Delegates_EX2.csproj", "{CA6D031E-4BBA-42F1-A733-B4DF69E2F3C6}"
EndProject
Global
	GlobalSection(SolutionConfigurationPlatforms) = preSolution
		Debug|Any CPU = Debug|Any CPU
		Release|Any CPU = Release|Any CPU
	EndGlobalSection
	GlobalSection(ProjectConfigurationPlatforms) = postSolution
		{CA6D031E-4BBA-42F1-A733-B4DF69E2F3C6}.Debug|Any CPU.ActiveCfg = Debug|Any CPU
		{CA6D031E-4BBA-42F1-A733-B4DF69E2F3C6}.Debug|Any CPU.Build.0 = Debug|Any CPU
		{CA6D031E-4BBA-42F1-A733-B4DF69E2F3C6}.Release|Any CPU.ActiveCfg = Release|Any CPU
		{CA6D031E-4BBA-42F1-A733-B4DF69E2F3C6}.Release|Any CPU.Build.0 = Release|Any CPU
	EndGlobalSection
	GlobalSection(SolutionProperties) = preSolution
		HideSolutionNode = FALSE
	EndGlobalSection
	GlobalSection(ExtensibilityGlobals) = postSolution
		SolutionGuid = {C2F42398-2939-401D-8533-28C6E993340E}
	EndGlobalSection
EndGlobal
